<?xml version="1.0" encoding="utf-8"?>
<Project ToolsVersion="4.0" xmlns="http://schemas.microsoft.com/developer/msbuild/2003">
  <ItemGroup>
    <Filter Include="源文件">
      <UniqueIdentifier>{4FC737F1-C7A5-4376-A066-2A32D752A2FF}</UniqueIdentifier>
      <Extensions>cpp;c;cc;cxx;def;odl;idl;hpj;bat;asm;asmx</Extensions>
    </Filter>
    <Filter Include="头文件">
      <UniqueIdentifier>{93995380-89BD-4b04-88EB-625FBE52EBFB}</UniqueIdentifier>
      <Extensions>h;hh;hpp;hxx;hm;inl;inc;xsd</Extensions>
    </Filter>
    <Filter Include="资源文件">
      <UniqueIdentifier>{67DA6AB6-F800-4c08-8B7A-83BB121AAD01}</UniqueIdentifier>
      <Extensions>rc;ico;cur;bmp;dlg;rc2;rct;bin;rgs;gif;jpg;jpeg;jpe;resx;tiff;tif;png;wav;mfcribbon-ms</Extensions>
    </Filter>
    <Filter Include="头文件\Bit">
      <UniqueIdentifier>{2cd679ac-b845-46bc-93ef-10021fb37aa7}</UniqueIdentifier>
    </Filter>
    <Filter Include="源文件\Bit">
      <UniqueIdentifier>{b6f3eb34-ed69-46cf-9f02-89703e6d1729}</UniqueIdentifier>
    </Filter>
    <Filter Include="头文件\SBox">
      <UniqueIdentifier>{d45b4584-9d41-4a71-a956-6b6c1a421219}</UniqueIdentifier>
    </Filter>
    <Filter Include="源文件\SBox">
      <UniqueIdentifier>{ad4e7456-8a64-4c6c-9c2b-d3e3b52f4ecf}</UniqueIdentifier>
    </Filter>
    <Filter Include="头文件\Key">
      <UniqueIdentifier>{61b66615-3442-4ff6-bc33-f3ea5fc8cbbf}</UniqueIdentifier>
    </Filter>
    <Filter Include="源文件\Key">
      <UniqueIdentifier>{9827d02c-b0a5-4f26-98ae-f06a592d93e6}</UniqueIdentifier>
    </Filter>
    <Filter Include="头文件\Permutation">
      <UniqueIdentifier>{6a9cf076-fb47-4f3c-ad48-6188296c9816}</UniqueIdentifier>
    </Filter>
    <Filter Include="源文件\Permutation">
      <UniqueIdentifier>{777c9572-97e5-4f88-9a7c-9a30ff2f1396}</UniqueIdentifier>
    </Filter>
    <Filter Include="头文件\PmtTable">
      <UniqueIdentifier>{0a6d65e0-abce-4003-b50b-81f40ed9845b}</UniqueIdentifier>
    </Filter>
    <Filter Include="源文件\PmtTable">
      <UniqueIdentifier>{3a64b831-8920-443d-9c22-6ae1a587b68f}</UniqueIdentifier>
    </Filter>
    <Filter Include="头文件\Function">
      <UniqueIdentifier>{d8735b54-d1e1-412f-88d1-cf7e1d431509}</UniqueIdentifier>
    </Filter>
    <Filter Include="源文件\Function">
      <UniqueIdentifier>{96b88715-d612-4a0a-9723-03f4718a1339}</UniqueIdentifier>
    </Filter>
    <Filter Include="头文件\Common">
      <UniqueIdentifier>{eba59e81-904a-4fed-be19-5e97fec083be}</UniqueIdentifier>
    </Filter>
    <Filter Include="头文件\DES">
      <UniqueIdentifier>{98d5d3cc-f09b-4ee7-893a-438b6a5358b7}</UniqueIdentifier>
    </Filter>
    <Filter Include="源文件\DES">
      <UniqueIdentifier>{9bc1a654-6c2b-46ce-a241-7d854e8ab238}</UniqueIdentifier>
    </Filter>
    <Filter Include="头文件\Debug">
      <UniqueIdentifier>{16b6383f-fcfe-42b7-9fd3-eee3d35bb49d}</UniqueIdentifier>
    </Filter>
    <Filter Include="头文件\Encryptor">
      <UniqueIdentifier>{0a5bfd91-d937-4a8c-aa89-822c77d66bf7}</UniqueIdentifier>
    </Filter>
  </ItemGroup>
  <ItemGroup>
    <ClInclude Include="stdafx.h">
      <Filter>头文件</Filter>
    </ClInclude>
    <ClInclude Include="targetver.h">
      <Filter>头文件</Filter>
    </ClInclude>
    <ClInclude Include="Bit.h">
      <Filter>头文件\Bit</Filter>
    </ClInclude>
    <ClInclude Include="IPermutationTable.h">
      <Filter>头文件\PmtTable</Filter>
    </ClInclude>
    <ClInclude Include="ISBox.h">
      <Filter>头文件\SBox</Filter>
    </ClInclude>
    <ClInclude Include="SBox.h">
      <Filter>头文件\SBox</Filter>
    </ClInclude>
    <ClInclude Include="IKeyManager.h">
      <Filter>头文件\Key</Filter>
    </ClInclude>
    <ClInclude Include="KeyManager.h">
      <Filter>头文件\Key</Filter>
    </ClInclude>
    <ClInclude Include="IPermutationManager.h">
      <Filter>头文件\Permutation</Filter>
    </ClInclude>
    <ClInclude Include="PermutationManager.h">
      <Filter>头文件\Permutation</Filter>
    </ClInclude>
    <ClInclude Include="IPmtTableManager.h">
      <Filter>头文件\PmtTable</Filter>
    </ClInclude>
    <ClInclude Include="PmtTableDynamic.h">
      <Filter>头文件\PmtTable</Filter>
    </ClInclude>
    <ClInclude Include="PmtTableStatic.h">
      <Filter>头文件\PmtTable</Filter>
    </ClInclude>
    <ClInclude Include="DesPmtTableManager.h">
      <Filter>头文件\PmtTable</Filter>
    </ClInclude>
    <ClInclude Include="ISBoxManager.h">
      <Filter>头文件\SBox</Filter>
    </ClInclude>
    <ClInclude Include="DesSBoxManager.h">
      <Filter>头文件\SBox</Filter>
    </ClInclude>
    <ClInclude Include="IFunction.h">
      <Filter>头文件\Function</Filter>
    </ClInclude>
    <ClInclude Include="common.h">
      <Filter>头文件\Common</Filter>
    </ClInclude>
    <ClInclude Include="DesFunction.h">
      <Filter>头文件\Function</Filter>
    </ClInclude>
    <ClInclude Include="IDes.h">
      <Filter>头文件\DES</Filter>
    </ClInclude>
    <ClInclude Include="DataEncryptionStandard.h">
      <Filter>头文件\DES</Filter>
    </ClInclude>
    <ClInclude Include="TestPackage.h">
      <Filter>头文件\Debug</Filter>
    </ClInclude>
    <ClInclude Include="IEncryptor.h">
      <Filter>头文件\Encryptor</Filter>
    </ClInclude>
  </ItemGroup>
  <ItemGroup>
    <ClCompile Include="stdafx.cpp">
      <Filter>源文件</Filter>
    </ClCompile>
    <ClCompile Include="CyDES.cpp">
      <Filter>源文件</Filter>
    </ClCompile>
    <ClCompile Include="Bit.cpp">
      <Filter>源文件\Bit</Filter>
    </ClCompile>
    <ClCompile Include="SBox.cpp">
      <Filter>源文件\SBox</Filter>
    </ClCompile>
    <ClCompile Include="KeyManager.cpp">
      <Filter>源文件\Key</Filter>
    </ClCompile>
    <ClCompile Include="PermutationManager.cpp">
      <Filter>源文件\Permutation</Filter>
    </ClCompile>
    <ClCompile Include="PmtTableDynamic.cpp">
      <Filter>源文件\PmtTable</Filter>
    </ClCompile>
    <ClCompile Include="PmtTableStatic.cpp">
      <Filter>源文件\PmtTable</Filter>
    </ClCompile>
    <ClCompile Include="DesPmtTableManager.cpp">
      <Filter>源文件\PmtTable</Filter>
    </ClCompile>
    <ClCompile Include="DesSBoxManager.cpp">
      <Filter>源文件\SBox</Filter>
    </ClCompile>
    <ClCompile Include="DesFunction.cpp">
      <Filter>源文件\Function</Filter>
    </ClCompile>
    <ClCompile Include="DataEncryptionStandard.cpp">
      <Filter>源文件\DES</Filter>
    </ClCompile>
  </ItemGroup>
  <ItemGroup>
    <Text Include="ReadMe.md" />
  </ItemGroup>
</Project>